{
  "pins" : [
    {
      "identity" : "pspdfkit-sp",
      "kind" : "remoteSourceControl",
      "location" : "https://github.com/PSPDFKit/PSPDFKit-SP.git",
      "state" : {
        "branch" : "master",
        "revision" : "612f0c3e86a8a6c5a9fac87da9b990ce836c3214"
      }
    }
  ],
  "version" : 2
}
